{
  "version": 4,
  "terraform_version": "0.12.26",
  "serial": 3,
  "lineage": "83169489-9cd2-e2b2-065e-07988d52dc48",
  "outputs": {},
  "resources": [
    {
      "mode": "data",
      "type": "aws_ip_ranges",
      "name": "european_ec2",
      "provider": "provider.aws",
      "instances": [
        {
          "schema_version": 0,
          "attributes": {
            "cidr_blocks": [
              "13.52.0.0/16",
              "13.56.0.0/16",
              "13.57.0.0/16",
              "15.177.81.0/24",
              "18.144.0.0/15",
              "184.169.128.0/17",
              "184.72.0.0/18",
              "204.236.128.0/18",
              "216.182.236.0/23",
              "3.101.0.0/16",
              "50.18.0.0/16",
              "52.52.0.0/15",
              "52.8.0.0/16",
              "52.9.0.0/16",
              "52.94.248.128/28",
              "52.94.249.80/28",
              "52.95.246.0/24",
              "52.95.255.96/28",
              "54.151.0.0/17",
              "54.153.0.0/17",
              "54.176.0.0/15",
              "54.183.0.0/16",
              "54.193.0.0/16",
              "54.215.0.0/16",
              "54.219.0.0/16",
              "54.241.0.0/16",
              "54.67.0.0/16",
              "99.77.132.0/24",
              "99.77.154.0/24"
            ],
            "create_date": "2020-06-19-14-29-12",
            "id": "1592576952",
            "ipv6_cidr_blocks": [
              "2600:1f00:c000::/40",
              "2600:1f1c::/36",
              "2600:1f70:c000::/40",
              "2600:1ffd:857f::/48",
              "2600:1fff:c000::/40",
              "2620:107:300f::/64"
            ],
            "regions": [
              "us-central-1",
              "us-west-1"
            ],
            "services": [
              "ec2"
            ],
            "sync_token": 1592576952,
            "url": "https://ip-ranges.amazonaws.com/ip-ranges.json"
          }
        }
      ]
    },
    {
      "mode": "managed",
      "type": "aws_security_group",
      "name": "from_europe",
      "provider": "provider.aws",
      "instances": [
        {
          "schema_version": 1,
          "attributes": {
            "arn": "arn:aws:ec2:us-west-1:343664323008:security-group/sg-01a6083b1aa6a4a19",
            "description": "Managed by Terraform",
            "egress": [],
            "id": "sg-01a6083b1aa6a4a19",
            "ingress": [
              {
                "cidr_blocks": [
                  "13.52.0.0/16",
                  "13.56.0.0/16",
                  "13.57.0.0/16",
                  "15.177.81.0/24",
                  "18.144.0.0/15",
                  "184.169.128.0/17",
                  "184.72.0.0/18",
                  "204.236.128.0/18",
                  "216.182.236.0/23",
                  "3.101.0.0/16",
                  "50.18.0.0/16",
                  "52.52.0.0/15",
                  "52.8.0.0/16",
                  "52.9.0.0/16",
                  "52.94.248.128/28",
                  "52.94.249.80/28",
                  "52.95.246.0/24",
                  "52.95.255.96/28",
                  "54.151.0.0/17",
                  "54.153.0.0/17",
                  "54.176.0.0/15",
                  "54.183.0.0/16",
                  "54.193.0.0/16",
                  "54.215.0.0/16",
                  "54.219.0.0/16",
                  "54.241.0.0/16",
                  "54.67.0.0/16",
                  "99.77.132.0/24",
                  "99.77.154.0/24"
                ],
                "description": "",
                "from_port": 443,
                "ipv6_cidr_blocks": [
                  "2600:1f00:c000::/40",
                  "2600:1f1c::/36",
                  "2600:1f70:c000::/40",
                  "2600:1ffd:857f::/48",
                  "2600:1fff:c000::/40",
                  "2620:107:300f::/64"
                ],
                "prefix_list_ids": [],
                "protocol": "tcp",
                "security_groups": [],
                "self": false,
                "to_port": 443
              }
            ],
            "name": "from_europe",
            "name_prefix": null,
            "owner_id": "343664323008",
            "revoke_rules_on_delete": false,
            "tags": {
              "CreateDate": "2020-06-19-14-29-12",
              "SyncToken": "1592576952"
            },
            "timeouts": null,
            "vpc_id": "vpc-541aec32"
          },
          "private": "eyJlMmJmYjczMC1lY2FhLTExZTYtOGY4OC0zNDM2M2JjN2M0YzAiOnsiY3JlYXRlIjo2MDAwMDAwMDAwMDAsImRlbGV0ZSI6NjAwMDAwMDAwMDAwfSwic2NoZW1hX3ZlcnNpb24iOiIxIn0="
        }
      ]
    }
  ]
}
