{
  "version": 4,
  "terraform_version": "0.12.26",
  "serial": 45,
  "lineage": "ce238806-266d-55e2-1273-0cd808458c12",
  "outputs": {
    "ip-publica": {
      "value": "3.101.23.237",
      "type": "string"
    }
  },
  "resources": [
    {
      "mode": "data",
      "type": "template_cloudinit_config",
      "name": "cloudinit-example",
      "provider": "provider.template",
      "instances": [
        {
          "schema_version": 0,
          "attributes": {
            "base64_encode": false,
            "gzip": false,
            "id": "1159893230",
            "part": [
              {
                "content": "#cloud-config\n\nrepo_update: true\nrepo_upgrade: all\n\npackages:\n    - docker.io\n    - lvm2\n\noutput:\n    all: '| tee -a /var/log/cloud-init-output.log'\n",
                "content_type": "text/cloud-config",
                "filename": "init.cfg",
                "merge_type": ""
              },
              {
                "content": "#!/bin/bash\n\nvgchange -y\n\ndevice_fs=`blkid -o value -s TYPE /dev/xvdh`\n\nif [ \"`echo -n $device_fs`\" == \"\" ]\nthen\n  pvcreate /dev/xvdh\n  vgcreate data /dev/xvdh\n  lvcreate --name volume1 -l 100%FREE data\n  mkfs.ext4 /dev/data/volume1\nfi\n\nmkdir -p /data\necho '/dev/data/volume1 /data ext4 defaults 0 0' \u003e\u003e /etc/fstab\nmount /data\n",
                "content_type": "text/x-shellscript",
                "filename": "",
                "merge_type": ""
              }
            ],
            "rendered": "Content-Type: multipart/mixed; boundary=\"MIMEBOUNDARY\"\nMIME-Version: 1.0\r\n\r\n--MIMEBOUNDARY\r\nContent-Disposition: attachment; filename=\"init.cfg\"\r\nContent-Transfer-Encoding: 7bit\r\nContent-Type: text/cloud-config\r\nMime-Version: 1.0\r\n\r\n#cloud-config\n\nrepo_update: true\nrepo_upgrade: all\n\npackages:\n    - docker.io\n    - lvm2\n\noutput:\n    all: '| tee -a /var/log/cloud-init-output.log'\n\r\n--MIMEBOUNDARY\r\nContent-Transfer-Encoding: 7bit\r\nContent-Type: text/x-shellscript\r\nMime-Version: 1.0\r\n\r\n#!/bin/bash\n\nvgchange -y\n\ndevice_fs=`blkid -o value -s TYPE /dev/xvdh`\n\nif [ \"`echo -n $device_fs`\" == \"\" ]\nthen\n  pvcreate /dev/xvdh\n  vgcreate data /dev/xvdh\n  lvcreate --name volume1 -l 100%FREE data\n  mkfs.ext4 /dev/data/volume1\nfi\n\nmkdir -p /data\necho '/dev/data/volume1 /data ext4 defaults 0 0' \u003e\u003e /etc/fstab\nmount /data\n\r\n--MIMEBOUNDARY--\r\n"
          }
        }
      ]
    },
    {
      "mode": "data",
      "type": "template_file",
      "name": "init-script",
      "provider": "provider.template",
      "instances": [
        {
          "schema_version": 0,
          "attributes": {
            "filename": null,
            "id": "11d72d57ed8ca5f0d31f4bb5ec15d6da84e531585c931795668ba45ca61c084d",
            "rendered": "#cloud-config\n\nrepo_update: true\nrepo_upgrade: all\n\npackages:\n    - docker.io\n    - lvm2\n\noutput:\n    all: '| tee -a /var/log/cloud-init-output.log'\n",
            "template": "#cloud-config\n\nrepo_update: true\nrepo_upgrade: all\n\npackages:\n    - docker.io\n    - lvm2\n\noutput:\n    all: '| tee -a /var/log/cloud-init-output.log'\n",
            "vars": {
              "region": "us-west-1"
            }
          }
        }
      ]
    },
    {
      "mode": "data",
      "type": "template_file",
      "name": "shell-script",
      "provider": "provider.template",
      "instances": [
        {
          "schema_version": 0,
          "attributes": {
            "filename": null,
            "id": "3859d376c2b2a43c58d5f05e60c975af9cacb1463bd5655de210e17aa0877691",
            "rendered": "#!/bin/bash\n\nvgchange -y\n\ndevice_fs=`blkid -o value -s TYPE /dev/xvdh`\n\nif [ \"`echo -n $device_fs`\" == \"\" ]\nthen\n  pvcreate /dev/xvdh\n  vgcreate data /dev/xvdh\n  lvcreate --name volume1 -l 100%FREE data\n  mkfs.ext4 /dev/data/volume1\nfi\n\nmkdir -p /data\necho '/dev/data/volume1 /data ext4 defaults 0 0' \u003e\u003e /etc/fstab\nmount /data\n",
            "template": "#!/bin/bash\n\nvgchange -y\n\ndevice_fs=`blkid -o value -s TYPE ${device}`\n\nif [ \"`echo -n $device_fs`\" == \"\" ]\nthen\n  pvcreate ${device}\n  vgcreate data ${device}\n  lvcreate --name volume1 -l 100%FREE data\n  mkfs.ext4 /dev/data/volume1\nfi\n\nmkdir -p /data\necho '/dev/data/volume1 /data ext4 defaults 0 0' \u003e\u003e /etc/fstab\nmount /data\n",
            "vars": {
              "device": "/dev/xvdh"
            }
          }
        }
      ]
    },
    {
      "mode": "managed",
      "type": "aws_ebs_volume",
      "name": "ebs-volume-1",
      "provider": "provider.aws",
      "instances": [
        {
          "schema_version": 0,
          "attributes": {
            "arn": "arn:aws:ec2:us-west-1:343664323008:volume/vol-0a6c2f3d86082dfc4",
            "availability_zone": "us-west-1a",
            "encrypted": false,
            "id": "vol-0a6c2f3d86082dfc4",
            "iops": 100,
            "kms_key_id": "",
            "multi_attach_enabled": false,
            "outpost_arn": "",
            "size": 20,
            "snapshot_id": "",
            "tags": {
              "Name": "extra volume"
            },
            "type": "gp2"
          },
          "private": "bnVsbA=="
        }
      ]
    },
    {
      "mode": "managed",
      "type": "aws_instance",
      "name": "example",
      "provider": "provider.aws",
      "instances": [
        {
          "schema_version": 1,
          "attributes": {
            "ami": "ami-0c1e832407373333f",
            "arn": "arn:aws:ec2:us-west-1:343664323008:instance/i-048aa9c05345ce9e3",
            "associate_public_ip_address": true,
            "availability_zone": "us-west-1a",
            "cpu_core_count": 1,
            "cpu_threads_per_core": 1,
            "credit_specification": [
              {
                "cpu_credits": "standard"
              }
            ],
            "disable_api_termination": false,
            "ebs_block_device": [],
            "ebs_optimized": false,
            "ephemeral_block_device": [],
            "get_password_data": false,
            "hibernation": false,
            "host_id": null,
            "iam_instance_profile": "",
            "id": "i-048aa9c05345ce9e3",
            "instance_initiated_shutdown_behavior": null,
            "instance_state": "running",
            "instance_type": "t2.micro",
            "ipv6_address_count": 0,
            "ipv6_addresses": [],
            "key_name": "mykey",
            "metadata_options": [
              {
                "http_endpoint": "enabled",
                "http_put_response_hop_limit": 1,
                "http_tokens": "optional"
              }
            ],
            "monitoring": false,
            "network_interface": [],
            "network_interface_id": null,
            "outpost_arn": "",
            "password_data": "",
            "placement_group": "",
            "primary_network_interface_id": "eni-0cc411157ac7c4e65",
            "private_dns": "ip-10-0-1-118.us-west-1.compute.internal",
            "private_ip": "10.0.1.118",
            "public_dns": "ec2-3-101-23-237.us-west-1.compute.amazonaws.com",
            "public_ip": "3.101.23.237",
            "root_block_device": [
              {
                "delete_on_termination": true,
                "device_name": "/dev/sda1",
                "encrypted": false,
                "iops": 100,
                "kms_key_id": "",
                "volume_id": "vol-0f1c53405292cd044",
                "volume_size": 8,
                "volume_type": "gp2"
              }
            ],
            "security_groups": [],
            "source_dest_check": true,
            "subnet_id": "subnet-02a811aa048605494",
            "tags": null,
            "tenancy": "default",
            "timeouts": null,
            "user_data": "b021d072ae4e4c41030122b9a3d8625734ed4a27",
            "user_data_base64": null,
            "volume_tags": {},
            "vpc_security_group_ids": [
              "sg-0b0ae3b8414178748"
            ]
          },
          "private": "eyJlMmJmYjczMC1lY2FhLTExZTYtOGY4OC0zNDM2M2JjN2M0YzAiOnsiY3JlYXRlIjo2MDAwMDAwMDAwMDAsImRlbGV0ZSI6MTIwMDAwMDAwMDAwMCwidXBkYXRlIjo2MDAwMDAwMDAwMDB9LCJzY2hlbWFfdmVyc2lvbiI6IjEifQ==",
          "dependencies": [
            "aws_key_pair.mykeypair",
            "aws_security_group.allow-ssh",
            "aws_subnet.main-public-1",
            "aws_vpc.main"
          ]
        }
      ]
    },
    {
      "mode": "managed",
      "type": "aws_internet_gateway",
      "name": "main-gw",
      "provider": "provider.aws",
      "instances": [
        {
          "schema_version": 0,
          "attributes": {
            "arn": "arn:aws:ec2:us-west-1:343664323008:internet-gateway/igw-04e65cbcb21476ca5",
            "id": "igw-04e65cbcb21476ca5",
            "owner_id": "343664323008",
            "tags": {
              "Name": "main"
            },
            "vpc_id": "vpc-05a4e63dd04c49b00"
          },
          "private": "bnVsbA==",
          "dependencies": [
            "aws_vpc.main"
          ]
        }
      ]
    },
    {
      "mode": "managed",
      "type": "aws_key_pair",
      "name": "mykeypair",
      "provider": "provider.aws",
      "instances": [
        {
          "schema_version": 1,
          "attributes": {
            "arn": "arn:aws:ec2:us-west-1:343664323008:key-pair/mykey",
            "fingerprint": "ef:cd:47:b6:dc:6a:8c:d2:d2:78:c8:6e:29:9e:1a:3c",
            "id": "mykey",
            "key_name": "mykey",
            "key_name_prefix": null,
            "key_pair_id": "key-05969dac8a0d3df1f",
            "public_key": "ssh-rsa AAAAB3NzaC1yc2EAAAADAQABAAABgQDnQqcRAesJwOyGqSJIHaPXAQjPSdby6IWvxZiMwevHinaDs7QY8MKwYY2glt3vk6r3JGCp6KGJs9PM8ekzoaadj8yLhbtg7QXO9dYz9z+IWR2th6ClbfRuTUGT8xD/ekNDCStLmiKJKsgORVrBhbvPBmZFetSc19g/0VgWZNEcJeCAIpyh1TYf9jiH2b/P6awUiCEnNe2XhBcT2sFQSN6qFw3Vg9pIlOxSvzIep+N4BrOc9O+xVZsxWr6dJLVUQ5UB+yxvWTYXQ1O7Gc4p4xlUgFI99pLjn2uB4ZYYmqJq0LHLRvVp9S9kNvbmlhzTValR3ifTSIcoTuTsLGnBwc+IAfbVOkBEwr4i1kUS0MKy4VCGnk6Y8hmc9m4pLjN6qqKwlv0ytZEPBQ/H93w2oE6dmif1tuBDllOxV8HIkyubEPpCFp3/DphQD05BInf3Z0jRDA6OPaMcKEju6oD+avHPEYTxyxqq1T7fIx5Pe6XKoGL1KJXwYxVyZL5Rq935N7s= chris@hypnotoad",
            "tags": null
          },
          "private": "eyJzY2hlbWFfdmVyc2lvbiI6IjEifQ=="
        }
      ]
    },
    {
      "mode": "managed",
      "type": "aws_route_table",
      "name": "main-public",
      "provider": "provider.aws",
      "instances": [
        {
          "schema_version": 0,
          "attributes": {
            "id": "rtb-014ced22a8fa8be76",
            "owner_id": "343664323008",
            "propagating_vgws": [],
            "route": [
              {
                "cidr_block": "0.0.0.0/0",
                "egress_only_gateway_id": "",
                "gateway_id": "igw-04e65cbcb21476ca5",
                "instance_id": "",
                "ipv6_cidr_block": "",
                "nat_gateway_id": "",
                "network_interface_id": "",
                "transit_gateway_id": "",
                "vpc_peering_connection_id": ""
              }
            ],
            "tags": {
              "Name": "main-public-1"
            },
            "vpc_id": "vpc-05a4e63dd04c49b00"
          },
          "private": "bnVsbA==",
          "dependencies": [
            "aws_internet_gateway.main-gw",
            "aws_vpc.main"
          ]
        }
      ]
    },
    {
      "mode": "managed",
      "type": "aws_route_table_association",
      "name": "main-public-1-a",
      "provider": "provider.aws",
      "instances": [
        {
          "schema_version": 0,
          "attributes": {
            "gateway_id": null,
            "id": "rtbassoc-0c4fea588e0a7aff3",
            "route_table_id": "rtb-014ced22a8fa8be76",
            "subnet_id": "subnet-02a811aa048605494"
          },
          "private": "bnVsbA==",
          "dependencies": [
            "aws_internet_gateway.main-gw",
            "aws_route_table.main-public",
            "aws_subnet.main-public-1",
            "aws_vpc.main"
          ]
        }
      ]
    },
    {
      "mode": "managed",
      "type": "aws_route_table_association",
      "name": "main-public-2-a",
      "provider": "provider.aws",
      "instances": [
        {
          "schema_version": 0,
          "attributes": {
            "gateway_id": null,
            "id": "rtbassoc-0ec06f0ec4ffdf91e",
            "route_table_id": "rtb-014ced22a8fa8be76",
            "subnet_id": "subnet-0a652ecfca942d199"
          },
          "private": "bnVsbA==",
          "dependencies": [
            "aws_internet_gateway.main-gw",
            "aws_route_table.main-public",
            "aws_subnet.main-public-2",
            "aws_vpc.main"
          ]
        }
      ]
    },
    {
      "mode": "managed",
      "type": "aws_security_group",
      "name": "allow-ssh",
      "provider": "provider.aws",
      "instances": [
        {
          "schema_version": 1,
          "attributes": {
            "arn": "arn:aws:ec2:us-west-1:343664323008:security-group/sg-0b0ae3b8414178748",
            "description": "security group that allows ssh and all egress traffic",
            "egress": [
              {
                "cidr_blocks": [
                  "0.0.0.0/0"
                ],
                "description": "",
                "from_port": 0,
                "ipv6_cidr_blocks": [],
                "prefix_list_ids": [],
                "protocol": "-1",
                "security_groups": [],
                "self": false,
                "to_port": 0
              }
            ],
            "id": "sg-0b0ae3b8414178748",
            "ingress": [
              {
                "cidr_blocks": [
                  "200.59.126.59/32"
                ],
                "description": "",
                "from_port": 22,
                "ipv6_cidr_blocks": [],
                "prefix_list_ids": [],
                "protocol": "tcp",
                "security_groups": [],
                "self": false,
                "to_port": 22
              }
            ],
            "name": "allow-ssh",
            "name_prefix": null,
            "owner_id": "343664323008",
            "revoke_rules_on_delete": false,
            "tags": {
              "Name": "allow-ssh"
            },
            "timeouts": null,
            "vpc_id": "vpc-05a4e63dd04c49b00"
          },
          "private": "eyJlMmJmYjczMC1lY2FhLTExZTYtOGY4OC0zNDM2M2JjN2M0YzAiOnsiY3JlYXRlIjo2MDAwMDAwMDAwMDAsImRlbGV0ZSI6NjAwMDAwMDAwMDAwfSwic2NoZW1hX3ZlcnNpb24iOiIxIn0=",
          "dependencies": [
            "aws_vpc.main"
          ]
        }
      ]
    },
    {
      "mode": "managed",
      "type": "aws_subnet",
      "name": "main-private-1",
      "provider": "provider.aws",
      "instances": [
        {
          "schema_version": 1,
          "attributes": {
            "arn": "arn:aws:ec2:us-west-1:343664323008:subnet/subnet-04b1b70f0e83dc496",
            "assign_ipv6_address_on_creation": false,
            "availability_zone": "us-west-1a",
            "availability_zone_id": "usw1-az3",
            "cidr_block": "10.0.4.0/24",
            "id": "subnet-04b1b70f0e83dc496",
            "ipv6_cidr_block": "",
            "ipv6_cidr_block_association_id": "",
            "map_public_ip_on_launch": false,
            "outpost_arn": "",
            "owner_id": "343664323008",
            "tags": {
              "Name": "main-private-1"
            },
            "timeouts": null,
            "vpc_id": "vpc-05a4e63dd04c49b00"
          },
          "private": "eyJlMmJmYjczMC1lY2FhLTExZTYtOGY4OC0zNDM2M2JjN2M0YzAiOnsiY3JlYXRlIjo2MDAwMDAwMDAwMDAsImRlbGV0ZSI6MTIwMDAwMDAwMDAwMH0sInNjaGVtYV92ZXJzaW9uIjoiMSJ9",
          "dependencies": [
            "aws_vpc.main"
          ]
        }
      ]
    },
    {
      "mode": "managed",
      "type": "aws_subnet",
      "name": "main-private-2",
      "provider": "provider.aws",
      "instances": [
        {
          "schema_version": 1,
          "attributes": {
            "arn": "arn:aws:ec2:us-west-1:343664323008:subnet/subnet-0ff2f6e30bacbc405",
            "assign_ipv6_address_on_creation": false,
            "availability_zone": "us-west-1b",
            "availability_zone_id": "usw1-az1",
            "cidr_block": "10.0.5.0/24",
            "id": "subnet-0ff2f6e30bacbc405",
            "ipv6_cidr_block": "",
            "ipv6_cidr_block_association_id": "",
            "map_public_ip_on_launch": false,
            "outpost_arn": "",
            "owner_id": "343664323008",
            "tags": {
              "Name": "main-private-2"
            },
            "timeouts": null,
            "vpc_id": "vpc-05a4e63dd04c49b00"
          },
          "private": "eyJlMmJmYjczMC1lY2FhLTExZTYtOGY4OC0zNDM2M2JjN2M0YzAiOnsiY3JlYXRlIjo2MDAwMDAwMDAwMDAsImRlbGV0ZSI6MTIwMDAwMDAwMDAwMH0sInNjaGVtYV92ZXJzaW9uIjoiMSJ9",
          "dependencies": [
            "aws_vpc.main"
          ]
        }
      ]
    },
    {
      "mode": "managed",
      "type": "aws_subnet",
      "name": "main-public-1",
      "provider": "provider.aws",
      "instances": [
        {
          "schema_version": 1,
          "attributes": {
            "arn": "arn:aws:ec2:us-west-1:343664323008:subnet/subnet-02a811aa048605494",
            "assign_ipv6_address_on_creation": false,
            "availability_zone": "us-west-1a",
            "availability_zone_id": "usw1-az3",
            "cidr_block": "10.0.1.0/24",
            "id": "subnet-02a811aa048605494",
            "ipv6_cidr_block": "",
            "ipv6_cidr_block_association_id": "",
            "map_public_ip_on_launch": true,
            "outpost_arn": "",
            "owner_id": "343664323008",
            "tags": {
              "Name": "main-public-1"
            },
            "timeouts": null,
            "vpc_id": "vpc-05a4e63dd04c49b00"
          },
          "private": "eyJlMmJmYjczMC1lY2FhLTExZTYtOGY4OC0zNDM2M2JjN2M0YzAiOnsiY3JlYXRlIjo2MDAwMDAwMDAwMDAsImRlbGV0ZSI6MTIwMDAwMDAwMDAwMH0sInNjaGVtYV92ZXJzaW9uIjoiMSJ9",
          "dependencies": [
            "aws_vpc.main"
          ]
        }
      ]
    },
    {
      "mode": "managed",
      "type": "aws_subnet",
      "name": "main-public-2",
      "provider": "provider.aws",
      "instances": [
        {
          "schema_version": 1,
          "attributes": {
            "arn": "arn:aws:ec2:us-west-1:343664323008:subnet/subnet-0a652ecfca942d199",
            "assign_ipv6_address_on_creation": false,
            "availability_zone": "us-west-1b",
            "availability_zone_id": "usw1-az1",
            "cidr_block": "10.0.2.0/24",
            "id": "subnet-0a652ecfca942d199",
            "ipv6_cidr_block": "",
            "ipv6_cidr_block_association_id": "",
            "map_public_ip_on_launch": true,
            "outpost_arn": "",
            "owner_id": "343664323008",
            "tags": {
              "Name": "main-public-2"
            },
            "timeouts": null,
            "vpc_id": "vpc-05a4e63dd04c49b00"
          },
          "private": "eyJlMmJmYjczMC1lY2FhLTExZTYtOGY4OC0zNDM2M2JjN2M0YzAiOnsiY3JlYXRlIjo2MDAwMDAwMDAwMDAsImRlbGV0ZSI6MTIwMDAwMDAwMDAwMH0sInNjaGVtYV92ZXJzaW9uIjoiMSJ9",
          "dependencies": [
            "aws_vpc.main"
          ]
        }
      ]
    },
    {
      "mode": "managed",
      "type": "aws_volume_attachment",
      "name": "ebs-volume-1-attachment",
      "provider": "provider.aws",
      "instances": [
        {
          "schema_version": 0,
          "attributes": {
            "device_name": "/dev/xvdh",
            "force_detach": null,
            "id": "vai-1914320834",
            "instance_id": "i-048aa9c05345ce9e3",
            "skip_destroy": null,
            "volume_id": "vol-0a6c2f3d86082dfc4"
          },
          "private": "bnVsbA==",
          "dependencies": [
            "aws_ebs_volume.ebs-volume-1",
            "aws_instance.example",
            "aws_key_pair.mykeypair",
            "aws_security_group.allow-ssh",
            "aws_subnet.main-public-1",
            "aws_vpc.main"
          ]
        }
      ]
    },
    {
      "mode": "managed",
      "type": "aws_vpc",
      "name": "main",
      "provider": "provider.aws",
      "instances": [
        {
          "schema_version": 1,
          "attributes": {
            "arn": "arn:aws:ec2:us-west-1:343664323008:vpc/vpc-05a4e63dd04c49b00",
            "assign_generated_ipv6_cidr_block": false,
            "cidr_block": "10.0.0.0/16",
            "default_network_acl_id": "acl-07f82dd16c6b11747",
            "default_route_table_id": "rtb-0e82eb3c804c45bed",
            "default_security_group_id": "sg-06aee448cccdc3bdf",
            "dhcp_options_id": "dopt-193edf7f",
            "enable_classiclink": false,
            "enable_classiclink_dns_support": false,
            "enable_dns_hostnames": true,
            "enable_dns_support": true,
            "id": "vpc-05a4e63dd04c49b00",
            "instance_tenancy": "default",
            "ipv6_association_id": "",
            "ipv6_cidr_block": "",
            "main_route_table_id": "rtb-0e82eb3c804c45bed",
            "owner_id": "343664323008",
            "tags": {
              "Name": "main"
            }
          },
          "private": "eyJzY2hlbWFfdmVyc2lvbiI6IjEifQ=="
        }
      ]
    }
  ]
}
