{
  "version": 4,
  "terraform_version": "0.12.26",
  "serial": 3,
  "lineage": "694337fe-1957-e5d8-298e-c411efaeb582",
  "outputs": {},
  "resources": [
    {
      "mode": "managed",
      "type": "aws_instance",
      "name": "example",
      "provider": "provider.aws",
      "instances": [
        {
          "schema_version": 1,
          "attributes": {
            "ami": "ami-0c1e832407373333f",
            "arn": "arn:aws:ec2:us-west-1:343664323008:instance/i-0a9d5098eae86d218",
            "associate_public_ip_address": true,
            "availability_zone": "us-west-1a",
            "cpu_core_count": 1,
            "cpu_threads_per_core": 1,
            "credit_specification": [
              {
                "cpu_credits": "standard"
              }
            ],
            "disable_api_termination": false,
            "ebs_block_device": [],
            "ebs_optimized": false,
            "ephemeral_block_device": [],
            "get_password_data": false,
            "hibernation": false,
            "host_id": null,
            "iam_instance_profile": "",
            "id": "i-0a9d5098eae86d218",
            "instance_initiated_shutdown_behavior": null,
            "instance_state": "running",
            "instance_type": "t2.micro",
            "ipv6_address_count": 0,
            "ipv6_addresses": [],
            "key_name": "mykey",
            "metadata_options": [
              {
                "http_endpoint": "enabled",
                "http_put_response_hop_limit": 1,
                "http_tokens": "optional"
              }
            ],
            "monitoring": false,
            "network_interface": [],
            "network_interface_id": null,
            "outpost_arn": "",
            "password_data": "",
            "placement_group": "",
            "primary_network_interface_id": "eni-05f6ea7389f8d3e3e",
            "private_dns": "ip-172-31-6-79.us-west-1.compute.internal",
            "private_ip": "172.31.6.79",
            "public_dns": "ec2-54-193-11-67.us-west-1.compute.amazonaws.com",
            "public_ip": "54.193.11.67",
            "root_block_device": [
              {
                "delete_on_termination": true,
                "device_name": "/dev/sda1",
                "encrypted": false,
                "iops": 100,
                "kms_key_id": "",
                "volume_id": "vol-038d8939e08d1faf9",
                "volume_size": 8,
                "volume_type": "gp2"
              }
            ],
            "security_groups": [
              "default"
            ],
            "source_dest_check": true,
            "subnet_id": "subnet-2904f973",
            "tags": null,
            "tenancy": "default",
            "timeouts": null,
            "user_data": null,
            "user_data_base64": null,
            "volume_tags": {},
            "vpc_security_group_ids": [
              "sg-91bf56e3"
            ]
          },
          "private": "eyJlMmJmYjczMC1lY2FhLTExZTYtOGY4OC0zNDM2M2JjN2M0YzAiOnsiY3JlYXRlIjo2MDAwMDAwMDAwMDAsImRlbGV0ZSI6MTIwMDAwMDAwMDAwMCwidXBkYXRlIjo2MDAwMDAwMDAwMDB9LCJzY2hlbWFfdmVyc2lvbiI6IjEifQ==",
          "dependencies": [
            "aws_key_pair.mykey"
          ]
        }
      ]
    },
    {
      "mode": "managed",
      "type": "aws_key_pair",
      "name": "mykey",
      "provider": "provider.aws",
      "instances": [
        {
          "schema_version": 1,
          "attributes": {
            "arn": "arn:aws:ec2:us-west-1:343664323008:key-pair/mykey",
            "fingerprint": "ef:cd:47:b6:dc:6a:8c:d2:d2:78:c8:6e:29:9e:1a:3c",
            "id": "mykey",
            "key_name": "mykey",
            "key_name_prefix": null,
            "key_pair_id": "key-0e4deb47ed65fa05e",
            "public_key": "ssh-rsa AAAAB3NzaC1yc2EAAAADAQABAAABgQDnQqcRAesJwOyGqSJIHaPXAQjPSdby6IWvxZiMwevHinaDs7QY8MKwYY2glt3vk6r3JGCp6KGJs9PM8ekzoaadj8yLhbtg7QXO9dYz9z+IWR2th6ClbfRuTUGT8xD/ekNDCStLmiKJKsgORVrBhbvPBmZFetSc19g/0VgWZNEcJeCAIpyh1TYf9jiH2b/P6awUiCEnNe2XhBcT2sFQSN6qFw3Vg9pIlOxSvzIep+N4BrOc9O+xVZsxWr6dJLVUQ5UB+yxvWTYXQ1O7Gc4p4xlUgFI99pLjn2uB4ZYYmqJq0LHLRvVp9S9kNvbmlhzTValR3ifTSIcoTuTsLGnBwc+IAfbVOkBEwr4i1kUS0MKy4VCGnk6Y8hmc9m4pLjN6qqKwlv0ytZEPBQ/H93w2oE6dmif1tuBDllOxV8HIkyubEPpCFp3/DphQD05BInf3Z0jRDA6OPaMcKEju6oD+avHPEYTxyxqq1T7fIx5Pe6XKoGL1KJXwYxVyZL5Rq935N7s= chris@hypnotoad",
            "tags": null
          },
          "private": "eyJzY2hlbWFfdmVyc2lvbiI6IjEifQ=="
        }
      ]
    }
  ]
}
